
Microsoft Visual Studio Solution File, Format Version 12.00
# Visual Studio 2012
Project("{FAE04EC0-301F-11D3-BF4B-00C04F79EFBC}") = "KreateWebsites", "KreateWebsites.csproj", "{13A91B18-2173-4A81-9D48-50F0FA1A3DBC}"
EndProject
Global
	GlobalSection(SolutionConfigurationPlatforms) = preSolution
		Debug|Any CPU = Debug|Any CPU
		Release|Any CPU = Release|Any CPU
	EndGlobalSection
	GlobalSection(ProjectConfigurationPlatforms) = postSolution
		{13A91B18-2173-4A81-9D48-50F0FA1A3DBC}.Debug|Any CPU.ActiveCfg = Debug|Any CPU
		{13A91B18-2173-4A81-9D48-50F0FA1A3DBC}.Debug|Any CPU.Build.0 = Debug|Any CPU
		{13A91B18-2173-4A81-9D48-50F0FA1A3DBC}.Release|Any CPU.ActiveCfg = Release|Any CPU
		{13A91B18-2173-4A81-9D48-50F0FA1A3DBC}.Release|Any CPU.Build.0 = Release|Any CPU
	EndGlobalSection
	GlobalSection(SolutionProperties) = preSolution
		HideSolutionNode = FALSE
	EndGlobalSection
EndGlobal
